
Microsoft Visual Studio Solution File, Format Version 12.00
# Visual Studio Version 17
VisualStudioVersion = 17.3.32811.315
MinimumVisualStudioVersion = 10.0.40219.1
Project("{8BC9CEB8-8B4A-11D0-8D11-00A0C91BC942}") = "HW1Problem_1", "Problem_1\Problem_1.vcxproj", "{69E402C5-1C7A-4130-9A2B-2F785317B9EA}"
EndProject
Project("{8BC9CEB8-8B4A-11D0-8D11-00A0C91BC942}") = "HW1Problem_2", "Problem_2\Problem_2.vcxproj", "{EB381E7C-F06E-489C-979B-0A602B837383}"
EndProject
Project("{8BC9CEB8-8B4A-11D0-8D11-00A0C91BC942}") = "HW1Problem_3", "Problem_3\Problem_3.vcxproj", "{EF43FB30-2910-40AE-8354-9800A763BA24}"
EndProject
Project("{8BC9CEB8-8B4A-11D0-8D11-00A0C91BC942}") = "HW1Problem_4", "Problem_4\Problem_4.vcxproj", "{D196902D-7573-41BC-A422-22EB53D30337}"
EndProject
Project("{8BC9CEB8-8B4A-11D0-8D11-00A0C91BC942}") = "HW1Problem_5", "Problem_5\Problem_5.vcxproj", "{6E3CE0B6-8790-4834-BFE9-A4A984F9950E}"
EndProject
Project("{2150E333-8FDC-42A3-9474-1A3956D46DE8}") = "HW1", "HW1", "{0DABA541-9482-47D3-B33C-59342AABBC6A}"
EndProject
Project("{2150E333-8FDC-42A3-9474-1A3956D46DE8}") = "HW2", "HW2", "{7662B13A-57C8-4C64-9E6E-4D778FCAE59F}"
EndProject
Project("{8BC9CEB8-8B4A-11D0-8D11-00A0C91BC942}") = "HW2Problem_1", "HW2Problem_1\HW2Problem_1.vcxproj", "{4693A15C-426B-4191-8AB9-C882E34A0DEE}"
EndProject
Project("{8BC9CEB8-8B4A-11D0-8D11-00A0C91BC942}") = "HW2Problem_2", "HW2Problem_2\HW2Problem_2.vcxproj", "{1B9E6DCA-2765-4F7F-A830-F7F65EE392F5}"
EndProject
Project("{8BC9CEB8-8B4A-11D0-8D11-00A0C91BC942}") = "HW2Problem_3", "HW2Problem_3\HW2Problem_3.vcxproj", "{2F591CBD-0EEB-41AC-A860-A39A0B91E36F}"
EndProject
Project("{8BC9CEB8-8B4A-11D0-8D11-00A0C91BC942}") = "HW2Problem_4", "HW2Problem_4\HW2Problem_4.vcxproj", "{7A8F02BB-29C9-4472-AEE7-AA1062E1CA0B}"
EndProject
Project("{8BC9CEB8-8B4A-11D0-8D11-00A0C91BC942}") = "HW2Problem_5", "HW2Problem_5\HW2Problem_5.vcxproj", "{AC3B034B-139E-469B-B797-7CA8B408BA4B}"
EndProject
Global
	GlobalSection(SolutionConfigurationPlatforms) = preSolution
		Debug|x64 = Debug|x64
		Debug|x86 = Debug|x86
		Release|x64 = Release|x64
		Release|x86 = Release|x86
	EndGlobalSection
	GlobalSection(ProjectConfigurationPlatforms) = postSolution
		{69E402C5-1C7A-4130-9A2B-2F785317B9EA}.Debug|x64.ActiveCfg = Debug|x64
		{69E402C5-1C7A-4130-9A2B-2F785317B9EA}.Debug|x64.Build.0 = Debug|x64
		{69E402C5-1C7A-4130-9A2B-2F785317B9EA}.Debug|x86.ActiveCfg = Debug|Win32
		{69E402C5-1C7A-4130-9A2B-2F785317B9EA}.Debug|x86.Build.0 = Debug|Win32
		{69E402C5-1C7A-4130-9A2B-2F785317B9EA}.Release|x64.ActiveCfg = Release|x64
		{69E402C5-1C7A-4130-9A2B-2F785317B9EA}.Release|x64.Build.0 = Release|x64
		{69E402C5-1C7A-4130-9A2B-2F785317B9EA}.Release|x86.ActiveCfg = Release|Win32
		{69E402C5-1C7A-4130-9A2B-2F785317B9EA}.Release|x86.Build.0 = Release|Win32
		{EB381E7C-F06E-489C-979B-0A602B837383}.Debug|x64.ActiveCfg = Debug|x64
		{EB381E7C-F06E-489C-979B-0A602B837383}.Debug|x64.Build.0 = Debug|x64
		{EB381E7C-F06E-489C-979B-0A602B837383}.Debug|x86.ActiveCfg = Debug|Win32
		{EB381E7C-F06E-489C-979B-0A602B837383}.Debug|x86.Build.0 = Debug|Win32
		{EB381E7C-F06E-489C-979B-0A602B837383}.Release|x64.ActiveCfg = Release|x64
		{EB381E7C-F06E-489C-979B-0A602B837383}.Release|x64.Build.0 = Release|x64
		{EB381E7C-F06E-489C-979B-0A602B837383}.Release|x86.ActiveCfg = Release|Win32
		{EB381E7C-F06E-489C-979B-0A602B837383}.Release|x86.Build.0 = Release|Win32
		{EF43FB30-2910-40AE-8354-9800A763BA24}.Debug|x64.ActiveCfg = Debug|x64
		{EF43FB30-2910-40AE-8354-9800A763BA24}.Debug|x64.Build.0 = Debug|x64
		{EF43FB30-2910-40AE-8354-9800A763BA24}.Debug|x86.ActiveCfg = Debug|Win32
		{EF43FB30-2910-40AE-8354-9800A763BA24}.Debug|x86.Build.0 = Debug|Win32
		{EF43FB30-2910-40AE-8354-9800A763BA24}.Release|x64.ActiveCfg = Release|x64
		{EF43FB30-2910-40AE-8354-9800A763BA24}.Release|x64.Build.0 = Release|x64
		{EF43FB30-2910-40AE-8354-9800A763BA24}.Release|x86.ActiveCfg = Release|Win32
		{EF43FB30-2910-40AE-8354-9800A763BA24}.Release|x86.Build.0 = Release|Win32
		{D196902D-7573-41BC-A422-22EB53D30337}.Debug|x64.ActiveCfg = Debug|x64
		{D196902D-7573-41BC-A422-22EB53D30337}.Debug|x64.Build.0 = Debug|x64
		{D196902D-7573-41BC-A422-22EB53D30337}.Debug|x86.ActiveCfg = Debug|Win32
		{D196902D-7573-41BC-A422-22EB53D30337}.Debug|x86.Build.0 = Debug|Win32
		{D196902D-7573-41BC-A422-22EB53D30337}.Release|x64.ActiveCfg = Release|x64
		{D196902D-7573-41BC-A422-22EB53D30337}.Release|x64.Build.0 = Release|x64
		{D196902D-7573-41BC-A422-22EB53D30337}.Release|x86.ActiveCfg = Release|Win32
		{D196902D-7573-41BC-A422-22EB53D30337}.Release|x86.Build.0 = Release|Win32
		{6E3CE0B6-8790-4834-BFE9-A4A984F9950E}.Debug|x64.ActiveCfg = Debug|x64
		{6E3CE0B6-8790-4834-BFE9-A4A984F9950E}.Debug|x64.Build.0 = Debug|x64
		{6E3CE0B6-8790-4834-BFE9-A4A984F9950E}.Debug|x86.ActiveCfg = Debug|Win32
		{6E3CE0B6-8790-4834-BFE9-A4A984F9950E}.Debug|x86.Build.0 = Debug|Win32
		{6E3CE0B6-8790-4834-BFE9-A4A984F9950E}.Release|x64.ActiveCfg = Release|x64
		{6E3CE0B6-8790-4834-BFE9-A4A984F9950E}.Release|x64.Build.0 = Release|x64
		{6E3CE0B6-8790-4834-BFE9-A4A984F9950E}.Release|x86.ActiveCfg = Release|Win32
		{6E3CE0B6-8790-4834-BFE9-A4A984F9950E}.Release|x86.Build.0 = Release|Win32
		{4693A15C-426B-4191-8AB9-C882E34A0DEE}.Debug|x64.ActiveCfg = Debug|x64
		{4693A15C-426B-4191-8AB9-C882E34A0DEE}.Debug|x64.Build.0 = Debug|x64
		{4693A15C-426B-4191-8AB9-C882E34A0DEE}.Debug|x86.ActiveCfg = Debug|Win32
		{4693A15C-426B-4191-8AB9-C882E34A0DEE}.Debug|x86.Build.0 = Debug|Win32
		{4693A15C-426B-4191-8AB9-C882E34A0DEE}.Release|x64.ActiveCfg = Release|x64
		{4693A15C-426B-4191-8AB9-C882E34A0DEE}.Release|x64.Build.0 = Release|x64
		{4693A15C-426B-4191-8AB9-C882E34A0DEE}.Release|x86.ActiveCfg = Release|Win32
		{4693A15C-426B-4191-8AB9-C882E34A0DEE}.Release|x86.Build.0 = Release|Win32
		{1B9E6DCA-2765-4F7F-A830-F7F65EE392F5}.Debug|x64.ActiveCfg = Debug|x64
		{1B9E6DCA-2765-4F7F-A830-F7F65EE392F5}.Debug|x64.Build.0 = Debug|x64
		{1B9E6DCA-2765-4F7F-A830-F7F65EE392F5}.Debug|x86.ActiveCfg = Debug|Win32
		{1B9E6DCA-2765-4F7F-A830-F7F65EE392F5}.Debug|x86.Build.0 = Debug|Win32
		{1B9E6DCA-2765-4F7F-A830-F7F65EE392F5}.Release|x64.ActiveCfg = Release|x64
		{1B9E6DCA-2765-4F7F-A830-F7F65EE392F5}.Release|x64.Build.0 = Release|x64
		{1B9E6DCA-2765-4F7F-A830-F7F65EE392F5}.Release|x86.ActiveCfg = Release|Win32
		{1B9E6DCA-2765-4F7F-A830-F7F65EE392F5}.Release|x86.Build.0 = Release|Win32
		{2F591CBD-0EEB-41AC-A860-A39A0B91E36F}.Debug|x64.ActiveCfg = Debug|x64
		{2F591CBD-0EEB-41AC-A860-A39A0B91E36F}.Debug|x64.Build.0 = Debug|x64
		{2F591CBD-0EEB-41AC-A860-A39A0B91E36F}.Debug|x86.ActiveCfg = Debug|Win32
		{2F591CBD-0EEB-41AC-A860-A39A0B91E36F}.Debug|x86.Build.0 = Debug|Win32
		{2F591CBD-0EEB-41AC-A860-A39A0B91E36F}.Release|x64.ActiveCfg = Release|x64
		{2F591CBD-0EEB-41AC-A860-A39A0B91E36F}.Release|x64.Build.0 = Release|x64
		{2F591CBD-0EEB-41AC-A860-A39A0B91E36F}.Release|x86.ActiveCfg = Release|Win32
		{2F591CBD-0EEB-41AC-A860-A39A0B91E36F}.Release|x86.Build.0 = Release|Win32
		{7A8F02BB-29C9-4472-AEE7-AA1062E1CA0B}.Debug|x64.ActiveCfg = Debug|x64
		{7A8F02BB-29C9-4472-AEE7-AA1062E1CA0B}.Debug|x64.Build.0 = Debug|x64
		{7A8F02BB-29C9-4472-AEE7-AA1062E1CA0B}.Debug|x86.ActiveCfg = Debug|Win32
		{7A8F02BB-29C9-4472-AEE7-AA1062E1CA0B}.Debug|x86.Build.0 = Debug|Win32
		{7A8F02BB-29C9-4472-AEE7-AA1062E1CA0B}.Release|x64.ActiveCfg = Release|x64
		{7A8F02BB-29C9-4472-AEE7-AA1062E1CA0B}.Release|x64.Build.0 = Release|x64
		{7A8F02BB-29C9-4472-AEE7-AA1062E1CA0B}.Release|x86.ActiveCfg = Release|Win32
		{7A8F02BB-29C9-4472-AEE7-AA1062E1CA0B}.Release|x86.Build.0 = Release|Win32
		{AC3B034B-139E-469B-B797-7CA8B408BA4B}.Debug|x64.ActiveCfg = Debug|x64
		{AC3B034B-139E-469B-B797-7CA8B408BA4B}.Debug|x64.Build.0 = Debug|x64
		{AC3B034B-139E-469B-B797-7CA8B408BA4B}.Debug|x86.ActiveCfg = Debug|Win32
		{AC3B034B-139E-469B-B797-7CA8B408BA4B}.Debug|x86.Build.0 = Debug|Win32
		{AC3B034B-139E-469B-B797-7CA8B408BA4B}.Release|x64.ActiveCfg = Release|x64
		{AC3B034B-139E-469B-B797-7CA8B408BA4B}.Release|x64.Build.0 = Release|x64
		{AC3B034B-139E-469B-B797-7CA8B408BA4B}.Release|x86.ActiveCfg = Release|Win32
		{AC3B034B-139E-469B-B797-7CA8B408BA4B}.Release|x86.Build.0 = Release|Win32
	EndGlobalSection
	GlobalSection(SolutionProperties) = preSolution
		HideSolutionNode = FALSE
	EndGlobalSection
	GlobalSection(NestedProjects) = preSolution
		{69E402C5-1C7A-4130-9A2B-2F785317B9EA} = {0DABA541-9482-47D3-B33C-59342AABBC6A}
		{EB381E7C-F06E-489C-979B-0A602B837383} = {0DABA541-9482-47D3-B33C-59342AABBC6A}
		{EF43FB30-2910-40AE-8354-9800A763BA24} = {0DABA541-9482-47D3-B33C-59342AABBC6A}
		{D196902D-7573-41BC-A422-22EB53D30337} = {0DABA541-9482-47D3-B33C-59342AABBC6A}
		{6E3CE0B6-8790-4834-BFE9-A4A984F9950E} = {0DABA541-9482-47D3-B33C-59342AABBC6A}
		{4693A15C-426B-4191-8AB9-C882E34A0DEE} = {7662B13A-57C8-4C64-9E6E-4D778FCAE59F}
		{1B9E6DCA-2765-4F7F-A830-F7F65EE392F5} = {7662B13A-57C8-4C64-9E6E-4D778FCAE59F}
		{2F591CBD-0EEB-41AC-A860-A39A0B91E36F} = {7662B13A-57C8-4C64-9E6E-4D778FCAE59F}
		{7A8F02BB-29C9-4472-AEE7-AA1062E1CA0B} = {7662B13A-57C8-4C64-9E6E-4D778FCAE59F}
		{AC3B034B-139E-469B-B797-7CA8B408BA4B} = {7662B13A-57C8-4C64-9E6E-4D778FCAE59F}
	EndGlobalSection
	GlobalSection(ExtensibilityGlobals) = postSolution
		SolutionGuid = {C798CA9B-1C02-4A69-B1DD-0E46CDEB1C6F}
	EndGlobalSection
EndGlobal
